<?xml version="1.0" encoding="UTF-8" standalone="yes" ?>
<CodeBlocks_project_file>
	<FileVersion major="1" minor="6" />
	<Project>
		<Option title="Experimental-Platformer-AI" />
		<Option makefile="../Makefile" />
		<Option pch_mode="2" />
		<Option compiler="gcc" />
		<Build>
			<Target title="Debug-Windows">
				<Option platforms="Windows;" />
				<Option output="../PlatformerExperiment-PRIVATE" prefix_auto="1" extension_auto="1" />
				<Option working_dir="../" />
				<Option object_output="obj/Windows/Debug/" />
				<Option type="1" />
				<Option compiler="gcc" />
				<Option projectCompilerOptionsRelation="2" />
				<Option projectLinkerOptionsRelation="2" />
				<Compiler>
					<Add option="-Wextra" />
					<Add option="-Wall" />
					<Add option="-pg" />
					<Add option="-g" />
					<Add option="-DDEFINED_BUILD_MODE_PRIVATE" />
				</Compiler>
				<Linker>
					<Add option="-pg -lgmon" />
					<Add option="-pg" />
					<Add library="mingw32" />
				</Linker>
				<Environment>
					<Variable name="BUILD_MODE" value="-DDEFINED_BUILD_MODE_PRIVATE" />
				</Environment>
			</Target>
			<Target title="Release-Windows">
				<Option platforms="Windows;" />
				<Option output="../PlatformerExperiment" prefix_auto="1" extension_auto="1" />
				<Option working_dir="../" />
				<Option object_output="obj/Windows/Release/" />
				<Option type="1" />
				<Option compiler="gcc" />
				<Option projectCompilerOptionsRelation="2" />
				<Option projectLinkerOptionsRelation="2" />
				<Option projectIncludeDirsRelation="0" />
				<Option projectResourceIncludeDirsRelation="0" />
				<Option projectLibDirsRelation="0" />
				<Compiler>
					<Add option="-Os" />
					<Add option="-w" />
					<Add option="-D__NO_INLINE__" />
					<Add directory="../SDL2Stuff/include" />
				</Compiler>
				<Linker>
					<Add option="-s" />
					<Add library="mingw32" />
					<Add directory="../SDL2Stuff/lib" />
				</Linker>
				<Environment>
					<Variable name="BUILD_MODE" value="" />
				</Environment>
			</Target>
			<Target title="Debug-Linux">
				<Option platforms="Unix;" />
				<Option output="../PlatformerExperiment-PRIVATE" prefix_auto="1" extension_auto="1" />
				<Option working_dir="../" />
				<Option object_output="obj/Linux/Release/" />
				<Option type="1" />
				<Option compiler="gcc" />
				<Option use_console_runner="0" />
				<Compiler>
					<Add option="-std=c++11" />
					<Add option="-Wextra" />
					<Add option="-Wall" />
					<Add option="-pg" />
					<Add option="-g" />
					<Add option="-DDEFINED_BUILD_MODE_PRIVATE" />
				</Compiler>
				<Linker>
					<Add option="-pg" />
				</Linker>
			</Target>
			<Target title="Release-Linux">
				<Option platforms="Unix;" />
				<Option output="../PlatformerExperiment" prefix_auto="1" extension_auto="1" />
				<Option working_dir="../" />
				<Option object_output="obj/Linux/Debug/" />
				<Option type="1" />
				<Option compiler="gcc" />
				<Option use_console_runner="0" />
				<Option projectCompilerOptionsRelation="2" />
				<Option projectLinkerOptionsRelation="2" />
				<Option projectIncludeDirsRelation="0" />
				<Option projectResourceIncludeDirsRelation="0" />
				<Option projectLibDirsRelation="0" />
				<Compiler>
					<Add option="-Os" />
					<Add option="-w" />
					<Add option="-D__NO_INLINE__" />
					<Add directory="../SDL2Stuff/include" />
				</Compiler>
				<Linker>
					<Add option="-s" />
					<Add library="mingw32" />
					<Add directory="../SDL2Stuff/lib" />
				</Linker>
			</Target>
		</Build>
		<Compiler>
			<Add option="-std=c++11" />
			<Add option="-Wno-write-strings" />
			<Add directory="../SDL2Stuff/include" />
		</Compiler>
		<Linker>
			<Add library="SDL2main" />
			<Add library="SDL2" />
			<Add library="SDL2_ttf" />
			<Add library="SDL2_image" />
			<Add directory="../SDL2Stuff/lib" />
		</Linker>
		<Unit filename="../docs/ChangeLog.md">
			<Option target="&lt;{~None~}&gt;" />
		</Unit>
		<Unit filename="../docs/Credits.md">
			<Option target="&lt;{~None~}&gt;" />
		</Unit>
		<Unit filename="../docs/LICENSE.md">
			<Option target="&lt;{~None~}&gt;" />
		</Unit>
		<Unit filename="../docs/Manual.md">
			<Option target="&lt;{~None~}&gt;" />
		</Unit>
		<Unit filename="../docs/Naming Notation.md">
			<Option target="&lt;{~None~}&gt;" />
		</Unit>
		<Unit filename="../docs/ReadMe.md">
			<Option target="&lt;{~None~}&gt;" />
		</Unit>
		<Unit filename="../docs/ToDo.md">
			<Option target="&lt;{~None~}&gt;" />
		</Unit>
		<Unit filename="../res/boilerplate.rc">
			<Option compilerVar="WINDRES" />
			<Option weight="96" />
			<Option compiler="gcc" use="1" buildCommand="$rescomp $file $(BUILD_MODE) -O coff $resource_output" />
			<Option target="Debug-Windows" />
			<Option target="Release-Windows" />
		</Unit>
		<Unit filename="../src/core/config.cpp">
			<Option weight="2" />
		</Unit>
		<Unit filename="../src/core/config.h" />
		<Unit filename="../src/core/core.cpp" />
		<Unit filename="../src/core/core.h" />
		<Unit filename="../src/core/tick.cpp">
			<Option weight="10" />
		</Unit>
		<Unit filename="../src/core/tick.h" />
		<Unit filename="../src/editor/editor.cpp" />
		<Unit filename="../src/editor/editor.h" />
		<Unit filename="../src/editor/image_toolbox_frame.xpm" />
		<Unit filename="../src/editor/image_tools.xpm" />
		<Unit filename="../src/game/entity.cpp">
			<Option weight="4" />
		</Unit>
		<Unit filename="../src/game/entity.h" />
		<Unit filename="../src/game/map.cpp">
			<Option weight="6" />
		</Unit>
		<Unit filename="../src/game/map.h" />
		<Unit filename="../src/globals.h" />
		<Unit filename="../src/main.cpp">
			<Option weight="0" />
		</Unit>
		<Unit filename="../src/ui/image_error.xpm" />
		<Unit filename="../src/ui/menu.cpp" />
		<Unit filename="../src/ui/menu.h" />
		<Unit filename="../src/ui/screen.cpp" />
		<Unit filename="../src/ui/screen.h" />
		<Unit filename="../src/version.h" />
		<Extensions>
			<DoxyBlocks>
				<comment_style block="5" line="0" />
				<doxyfile_project project_number="v6.0.0-alpha.3" />
				<doxyfile_build extract_all="1" extract_private="1" />
				<doxyfile_warnings />
				<doxyfile_output />
				<doxyfile_dot class_diagrams="1" have_dot="1" />
				<general use_at_in_tags="1" />
			</DoxyBlocks>
		</Extensions>
	</Project>
</CodeBlocks_project_file>
