<?xml version="1.0" encoding="UTF-8" standalone="yes" ?>
<CodeBlocks_project_file>
	<FileVersion major="1" minor="6" />
	<Project>
		<Option title="Experimental-Platformer-AI" />
		<Option pch_mode="2" />
		<Option compiler="gcc" />
		<Option show_notes="0">
			<notes>
				<![CDATA[Use Complie-Final.bat for full releases of the program. It is smaller than the one Code Blocks makes and the version infomation shows up properly on that one.]]>
			</notes>
		</Option>
		<Build>
			<Target title="Debug">
				<Option output="../PlatformerExperiment-PRIVATE" prefix_auto="1" extension_auto="1" />
				<Option working_dir="../" />
				<Option object_output="obj/Debug/" />
				<Option type="1" />
				<Option compiler="gcc" />
				<Compiler>
					<Add option="-Wextra" />
					<Add option="-Wall" />
					<Add option="-pg" />
					<Add option="-g" />
					<Add option="-DDEFINED_BUILD_MODE_PRIVATE" />
				</Compiler>
				<Linker>
					<Add option="-pg" />
				</Linker>
				<Environment>
					<Variable name="BUILD_MODE" value="-DDEFINED_BUILD_MODE_PRIVATE" />
				</Environment>
			</Target>
			<Target title="Release">
				<Option output="../PlatformerExperiment" prefix_auto="1" extension_auto="1" />
				<Option working_dir="../" />
				<Option object_output="obj/Release/" />
				<Option type="1" />
				<Option compiler="gcc" />
				<Compiler>
					<Add option="-Os" />
					<Add option="-w" />
					<Add option="-D__NO_INLINE__" />
				</Compiler>
				<Linker>
					<Add option="-s" />
				</Linker>
				<Environment>
					<Variable name="BUILD_MODE" value="" />
				</Environment>
			</Target>
		</Build>
		<Compiler>
			<Add option="-std=c++11" />
			<Add directory="../SDL2Stuff/include" />
		</Compiler>
		<Linker>
			<Add library="mingw32" />
			<Add library="SDL2main" />
			<Add library="SDL2" />
			<Add library="SDL2_ttf" />
			<Add library="SDL2_image" />
			<Add directory="../SDL2Stuff/lib" />
		</Linker>
		<Unit filename="../Documentation/ChangeLog.md">
			<Option target="&lt;{~None~}&gt;" />
		</Unit>
		<Unit filename="../Documentation/Credits.md">
			<Option target="&lt;{~None~}&gt;" />
		</Unit>
		<Unit filename="../Documentation/LICENSE.md">
			<Option target="&lt;{~None~}&gt;" />
		</Unit>
		<Unit filename="../Documentation/Manual.md">
			<Option target="&lt;{~None~}&gt;" />
		</Unit>
		<Unit filename="../Documentation/Naming Notation.md">
			<Option target="&lt;{~None~}&gt;" />
		</Unit>
		<Unit filename="../Documentation/ReadMe.md">
			<Option target="&lt;{~None~}&gt;" />
		</Unit>
		<Unit filename="../Documentation/ToDo.md">
			<Option target="&lt;{~None~}&gt;" />
		</Unit>
		<Unit filename="../Resources/boilerplate.rc">
			<Option compilerVar="WINDRES" />
			<Option weight="96" />
			<Option compiler="gcc" use="1" buildCommand="$rescomp $file $(BUILD_MODE) -O coff $resource_output" />
		</Unit>
		<Unit filename="../Source/config.cpp">
			<Option weight="2" />
		</Unit>
		<Unit filename="../Source/config.h" />
		<Unit filename="../Source/entity.cpp">
			<Option weight="4" />
		</Unit>
		<Unit filename="../Source/entity.h" />
		<Unit filename="../Source/globals.h" />
		<Unit filename="../Source/image_error.xpm" />
		<Unit filename="../Source/main.cpp">
			<Option weight="0" />
		</Unit>
		<Unit filename="../Source/main.h" />
		<Unit filename="../Source/map.cpp">
			<Option weight="6" />
		</Unit>
		<Unit filename="../Source/map.h" />
		<Unit filename="../Source/screen.cpp" />
		<Unit filename="../Source/screen.h" />
		<Unit filename="../Source/tick.cpp">
			<Option weight="10" />
		</Unit>
		<Unit filename="../Source/tick.h" />
		<Unit filename="../Source/version.h" />
		<Extensions>
			<DoxyBlocks>
				<comment_style block="5" line="1" />
				<doxyfile_project project_number="4.0.0.137" output_directory="deoxy" />
				<doxyfile_build />
				<doxyfile_warnings />
				<doxyfile_output />
				<doxyfile_dot />
				<general />
			</DoxyBlocks>
			<code_completion />
			<envvars />
			<debugger />
		</Extensions>
	</Project>
</CodeBlocks_project_file>
